
Microsoft Visual Studio Solution File, Format Version 12.00
# Visual Studio Version 16
VisualStudioVersion = 16.0.31624.102
MinimumVisualStudioVersion = 10.0.40219.1
Project("{FAE04EC0-301F-11D3-BF4B-00C04F79EFBC}") = "Aareon.Api", "Aareon.Api\Aareon.Api.csproj", "{A9D0B08B-FC00-43C3-ADBE-D6BE872CB8A6}"
EndProject
Project("{FAE04EC0-301F-11D3-BF4B-00C04F79EFBC}") = "Aareon.Business", "Aareon.Business\Aareon.Business.csproj", "{A2BDC920-8E1B-4843-B46A-D03A6D9B8689}"
EndProject
Project("{FAE04EC0-301F-11D3-BF4B-00C04F79EFBC}") = "Aareon.Data", "Aareon.Data\Aareon.Data.csproj", "{67D30E50-805D-4AB2-ACCC-9AECD3F5479B}"
EndProject
Project("{FAE04EC0-301F-11D3-BF4B-00C04F79EFBC}") = "Aareon.Api.Tests", "Aareon.Api.Tests\Aareon.Api.Tests.csproj", "{56DDEAB1-B115-4977-8E5B-CC48B3B3C4FC}"
EndProject
Project("{FAE04EC0-301F-11D3-BF4B-00C04F79EFBC}") = "Aareon.Business.Tests", "Aareon.Business.Tests\Aareon.Business.Tests.csproj", "{F0EE04C4-1ED2-4A4F-9372-A71DB89C75FE}"
EndProject
Project("{FAE04EC0-301F-11D3-BF4B-00C04F79EFBC}") = "Aareon.Data.Tests", "Aareon.Data.Tests\Aareon.Data.Tests.csproj", "{3EF525D7-4DE9-45EB-A9F8-ABF97BC81E00}"
EndProject
Global
	GlobalSection(SolutionConfigurationPlatforms) = preSolution
		Debug|Any CPU = Debug|Any CPU
		Release|Any CPU = Release|Any CPU
	EndGlobalSection
	GlobalSection(ProjectConfigurationPlatforms) = postSolution
		{A9D0B08B-FC00-43C3-ADBE-D6BE872CB8A6}.Debug|Any CPU.ActiveCfg = Debug|Any CPU
		{A9D0B08B-FC00-43C3-ADBE-D6BE872CB8A6}.Debug|Any CPU.Build.0 = Debug|Any CPU
		{A9D0B08B-FC00-43C3-ADBE-D6BE872CB8A6}.Release|Any CPU.ActiveCfg = Release|Any CPU
		{A9D0B08B-FC00-43C3-ADBE-D6BE872CB8A6}.Release|Any CPU.Build.0 = Release|Any CPU
		{A2BDC920-8E1B-4843-B46A-D03A6D9B8689}.Debug|Any CPU.ActiveCfg = Debug|Any CPU
		{A2BDC920-8E1B-4843-B46A-D03A6D9B8689}.Debug|Any CPU.Build.0 = Debug|Any CPU
		{A2BDC920-8E1B-4843-B46A-D03A6D9B8689}.Release|Any CPU.ActiveCfg = Release|Any CPU
		{A2BDC920-8E1B-4843-B46A-D03A6D9B8689}.Release|Any CPU.Build.0 = Release|Any CPU
		{67D30E50-805D-4AB2-ACCC-9AECD3F5479B}.Debug|Any CPU.ActiveCfg = Debug|Any CPU
		{67D30E50-805D-4AB2-ACCC-9AECD3F5479B}.Debug|Any CPU.Build.0 = Debug|Any CPU
		{67D30E50-805D-4AB2-ACCC-9AECD3F5479B}.Release|Any CPU.ActiveCfg = Release|Any CPU
		{67D30E50-805D-4AB2-ACCC-9AECD3F5479B}.Release|Any CPU.Build.0 = Release|Any CPU
		{56DDEAB1-B115-4977-8E5B-CC48B3B3C4FC}.Debug|Any CPU.ActiveCfg = Debug|Any CPU
		{56DDEAB1-B115-4977-8E5B-CC48B3B3C4FC}.Debug|Any CPU.Build.0 = Debug|Any CPU
		{56DDEAB1-B115-4977-8E5B-CC48B3B3C4FC}.Release|Any CPU.ActiveCfg = Release|Any CPU
		{56DDEAB1-B115-4977-8E5B-CC48B3B3C4FC}.Release|Any CPU.Build.0 = Release|Any CPU
		{F0EE04C4-1ED2-4A4F-9372-A71DB89C75FE}.Debug|Any CPU.ActiveCfg = Debug|Any CPU
		{F0EE04C4-1ED2-4A4F-9372-A71DB89C75FE}.Debug|Any CPU.Build.0 = Debug|Any CPU
		{F0EE04C4-1ED2-4A4F-9372-A71DB89C75FE}.Release|Any CPU.ActiveCfg = Release|Any CPU
		{F0EE04C4-1ED2-4A4F-9372-A71DB89C75FE}.Release|Any CPU.Build.0 = Release|Any CPU
		{3EF525D7-4DE9-45EB-A9F8-ABF97BC81E00}.Debug|Any CPU.ActiveCfg = Debug|Any CPU
		{3EF525D7-4DE9-45EB-A9F8-ABF97BC81E00}.Debug|Any CPU.Build.0 = Debug|Any CPU
		{3EF525D7-4DE9-45EB-A9F8-ABF97BC81E00}.Release|Any CPU.ActiveCfg = Release|Any CPU
		{3EF525D7-4DE9-45EB-A9F8-ABF97BC81E00}.Release|Any CPU.Build.0 = Release|Any CPU
	EndGlobalSection
	GlobalSection(SolutionProperties) = preSolution
		HideSolutionNode = FALSE
	EndGlobalSection
	GlobalSection(ExtensibilityGlobals) = postSolution
		SolutionGuid = {8F8A0294-C99C-4FBE-BC69-E9393142C51C}
	EndGlobalSection
EndGlobal
